Microsoft Visual Studio Solution File, Format Version 12.00
# Visual Studio 2012
Project("{FAE04EC0-301F-11D3-BF4B-00C04F79EFBC}") = "Gular_Guinness", "Gular_Guinness.csproj", "{79C7BC39-2F6A-4C83-BE1C-B66CAA3F946B}"
EndProject
Global
	GlobalSection(SolutionConfigurationPlatforms) = preSolution
	Debug|Any CPU = Debug|Any CPU
	ExportDebug|Any CPU = ExportDebug|Any CPU
	ExportRelease|Any CPU = ExportRelease|Any CPU
	EndGlobalSection
	GlobalSection(ProjectConfigurationPlatforms) = postSolution
		{79C7BC39-2F6A-4C83-BE1C-B66CAA3F946B}.Debug|Any CPU.ActiveCfg = Debug|Any CPU
		{79C7BC39-2F6A-4C83-BE1C-B66CAA3F946B}.Debug|Any CPU.Build.0 = Debug|Any CPU
		{79C7BC39-2F6A-4C83-BE1C-B66CAA3F946B}.ExportDebug|Any CPU.ActiveCfg = ExportDebug|Any CPU
		{79C7BC39-2F6A-4C83-BE1C-B66CAA3F946B}.ExportDebug|Any CPU.Build.0 = ExportDebug|Any CPU
		{79C7BC39-2F6A-4C83-BE1C-B66CAA3F946B}.ExportRelease|Any CPU.ActiveCfg = ExportRelease|Any CPU
		{79C7BC39-2F6A-4C83-BE1C-B66CAA3F946B}.ExportRelease|Any CPU.Build.0 = ExportRelease|Any CPU
	EndGlobalSection
EndGlobal
